
Microsoft Visual Studio Solution File, Format Version 12.00
# Visual Studio 2012
Project("{FAE04EC0-301F-11D3-BF4B-00C04F79EFBC}") = "The_Mideval_Server", "ConsoleApplication3\The_Mideval_Server.csproj", "{961351BE-A946-40C2-AB0A-705E7C88493F}"
EndProject
Global
	GlobalSection(SolutionConfigurationPlatforms) = preSolution
		Debug|Any CPU = Debug|Any CPU
		Release|Any CPU = Release|Any CPU
	EndGlobalSection
	GlobalSection(ProjectConfigurationPlatforms) = postSolution
		{961351BE-A946-40C2-AB0A-705E7C88493F}.Debug|Any CPU.ActiveCfg = Debug|Any CPU
		{961351BE-A946-40C2-AB0A-705E7C88493F}.Debug|Any CPU.Build.0 = Debug|Any CPU
		{961351BE-A946-40C2-AB0A-705E7C88493F}.Release|Any CPU.ActiveCfg = Release|Any CPU
		{961351BE-A946-40C2-AB0A-705E7C88493F}.Release|Any CPU.Build.0 = Release|Any CPU
	EndGlobalSection
	GlobalSection(SolutionProperties) = preSolution
		HideSolutionNode = FALSE
	EndGlobalSection
EndGlobal
